
Microsoft Visual Studio Solution File, Format Version 12.00
# Visual Studio Version 16
Project("{2150E333-8FDC-42A3-9474-1A3956D46DE8}") = "CMakePredefinedTargets", "CMakePredefinedTargets", "{CFC104D5-CCD0-360A-8B49-98BD240E49A6}"
EndProject
Project("{2150E333-8FDC-42A3-9474-1A3956D46DE8}") = "GLFW3", "GLFW3", "{49BA6F25-2354-38EF-BEF8-A5369CC64A34}"
EndProject
Project("{2150E333-8FDC-42A3-9474-1A3956D46DE8}") = "Examples", "GLFW3\Examples", "{A6AA2CB3-DC91-3770-9483-B71E16202B04}"
EndProject
Project("{2150E333-8FDC-42A3-9474-1A3956D46DE8}") = "Tests", "GLFW3\Tests", "{38E91180-6F18-34B1-AC1D-70751EEE649A}"
EndProject
Project("{8BC9CEB8-8B4A-11D0-8D11-00A0C91BC942}") = "ALL_BUILD", "ALL_BUILD.vcxproj", "{8CDA21ED-1906-3F60-B2C1-374F64DEDED0}"
	ProjectSection(ProjectDependencies) = postProject
		{2014A097-D300-3836-9125-E7C85638DAAE} = {2014A097-D300-3836-9125-E7C85638DAAE}
		{DBCB3DB1-3083-3681-97D6-58C90A7511E2} = {DBCB3DB1-3083-3681-97D6-58C90A7511E2}
		{ADE39D9F-D340-3FC9-B628-DA698B0D2742} = {ADE39D9F-D340-3FC9-B628-DA698B0D2742}
		{78497C6D-48C5-34A0-9B1D-6B2452AE580E} = {78497C6D-48C5-34A0-9B1D-6B2452AE580E}
		{8DE7C11D-8AAC-3809-B5EF-C8D9FBF6C7F9} = {8DE7C11D-8AAC-3809-B5EF-C8D9FBF6C7F9}
		{97A2276C-B54E-3B98-8E1C-E62D5C44D813} = {97A2276C-B54E-3B98-8E1C-E62D5C44D813}
		{77F33A8F-97C2-31FF-BBA5-B613C3FD0287} = {77F33A8F-97C2-31FF-BBA5-B613C3FD0287}
		{B8B1B599-FBF9-3F06-B33C-193228C94BF2} = {B8B1B599-FBF9-3F06-B33C-193228C94BF2}
		{C949A48A-722A-3D22-8D51-8B26C271258E} = {C949A48A-722A-3D22-8D51-8B26C271258E}
		{59C932F8-7D8C-3350-AD1A-E01556FE83A5} = {59C932F8-7D8C-3350-AD1A-E01556FE83A5}
		{A6F4AE29-B8B9-3C36-8A51-1DB43C6A7E8D} = {A6F4AE29-B8B9-3C36-8A51-1DB43C6A7E8D}
		{F49E6C47-8CA6-3BE6-929D-B1A969E101DC} = {F49E6C47-8CA6-3BE6-929D-B1A969E101DC}
		{F830EE1B-FAAD-3523-A617-EEA74B5B9C86} = {F830EE1B-FAAD-3523-A617-EEA74B5B9C86}
		{9A5C020A-0C43-3661-8BC1-B4FAA2FA205A} = {9A5C020A-0C43-3661-8BC1-B4FAA2FA205A}
		{E07AABB1-A820-3F5F-BB4B-E9F38503018A} = {E07AABB1-A820-3F5F-BB4B-E9F38503018A}
		{8877BB3A-E6F0-3C57-B87C-5FDA994DDFCA} = {8877BB3A-E6F0-3C57-B87C-5FDA994DDFCA}
		{386F6105-1364-3379-B7B0-56D32F1F9199} = {386F6105-1364-3379-B7B0-56D32F1F9199}
		{8B0521A9-8985-34DE-B29D-C9A582BA8952} = {8B0521A9-8985-34DE-B29D-C9A582BA8952}
		{7E3C3EE7-86BB-3CD2-997D-14EA9B6FEA35} = {7E3C3EE7-86BB-3CD2-997D-14EA9B6FEA35}
		{59715109-34F4-3179-831A-630AAAF22B64} = {59715109-34F4-3179-831A-630AAAF22B64}
		{24617B54-DD66-3C4F-8C3B-A291C0566B74} = {24617B54-DD66-3C4F-8C3B-A291C0566B74}
		{F9E85C56-0C08-3599-B9CB-FC109BB66A60} = {F9E85C56-0C08-3599-B9CB-FC109BB66A60}
		{238798D7-73C2-3796-9667-C0503AA6FDBF} = {238798D7-73C2-3796-9667-C0503AA6FDBF}
		{B29BA52F-1928-348C-B456-C780C8B78942} = {B29BA52F-1928-348C-B456-C780C8B78942}
		{8E0EB37D-4BEB-3BC8-ACCC-8D9663DB853B} = {8E0EB37D-4BEB-3BC8-ACCC-8D9663DB853B}
		{69AEC03B-3632-37B3-A611-302D4C36CA59} = {69AEC03B-3632-37B3-A611-302D4C36CA59}
		{9A21D64D-D334-3193-A323-3B185EE783CC} = {9A21D64D-D334-3193-A323-3B185EE783CC}
		{5641006F-739A-3327-9EF5-1BD79F14EA11} = {5641006F-739A-3327-9EF5-1BD79F14EA11}
		{6A218F90-20FE-3DFF-8917-E2D123080B67} = {6A218F90-20FE-3DFF-8917-E2D123080B67}
		{BF82E913-1B4F-31E7-8569-1A90FAF916DF} = {BF82E913-1B4F-31E7-8569-1A90FAF916DF}
		{5DC49DFF-F1C9-3DFA-A38D-BEABA3228772} = {5DC49DFF-F1C9-3DFA-A38D-BEABA3228772}
	EndProjectSection
EndProject
Project("{8BC9CEB8-8B4A-11D0-8D11-00A0C91BC942}") = "INSTALL", "INSTALL.vcxproj", "{C3E8DC44-EDBF-36C3-92CC-10F6C7C6D2DB}"
	ProjectSection(ProjectDependencies) = postProject
		{8CDA21ED-1906-3F60-B2C1-374F64DEDED0} = {8CDA21ED-1906-3F60-B2C1-374F64DEDED0}
		{2014A097-D300-3836-9125-E7C85638DAAE} = {2014A097-D300-3836-9125-E7C85638DAAE}
	EndProjectSection
EndProject
Project("{8BC9CEB8-8B4A-11D0-8D11-00A0C91BC942}") = "ZERO_CHECK", "ZERO_CHECK.vcxproj", "{2014A097-D300-3836-9125-E7C85638DAAE}"
	ProjectSection(ProjectDependencies) = postProject
	EndProjectSection
EndProject
Project("{8BC9CEB8-8B4A-11D0-8D11-00A0C91BC942}") = "boing", "examples\boing.vcxproj", "{DBCB3DB1-3083-3681-97D6-58C90A7511E2}"
	ProjectSection(ProjectDependencies) = postProject
		{2014A097-D300-3836-9125-E7C85638DAAE} = {2014A097-D300-3836-9125-E7C85638DAAE}
		{C949A48A-722A-3D22-8D51-8B26C271258E} = {C949A48A-722A-3D22-8D51-8B26C271258E}
	EndProjectSection
EndProject
Project("{8BC9CEB8-8B4A-11D0-8D11-00A0C91BC942}") = "clipboard", "tests\clipboard.vcxproj", "{ADE39D9F-D340-3FC9-B628-DA698B0D2742}"
	ProjectSection(ProjectDependencies) = postProject
		{2014A097-D300-3836-9125-E7C85638DAAE} = {2014A097-D300-3836-9125-E7C85638DAAE}
		{C949A48A-722A-3D22-8D51-8B26C271258E} = {C949A48A-722A-3D22-8D51-8B26C271258E}
	EndProjectSection
EndProject
Project("{8BC9CEB8-8B4A-11D0-8D11-00A0C91BC942}") = "cursor", "tests\cursor.vcxproj", "{78497C6D-48C5-34A0-9B1D-6B2452AE580E}"
	ProjectSection(ProjectDependencies) = postProject
		{2014A097-D300-3836-9125-E7C85638DAAE} = {2014A097-D300-3836-9125-E7C85638DAAE}
		{C949A48A-722A-3D22-8D51-8B26C271258E} = {C949A48A-722A-3D22-8D51-8B26C271258E}
	EndProjectSection
EndProject
Project("{8BC9CEB8-8B4A-11D0-8D11-00A0C91BC942}") = "empty", "tests\empty.vcxproj", "{8DE7C11D-8AAC-3809-B5EF-C8D9FBF6C7F9}"
	ProjectSection(ProjectDependencies) = postProject
		{2014A097-D300-3836-9125-E7C85638DAAE} = {2014A097-D300-3836-9125-E7C85638DAAE}
		{C949A48A-722A-3D22-8D51-8B26C271258E} = {C949A48A-722A-3D22-8D51-8B26C271258E}
	EndProjectSection
EndProject
Project("{8BC9CEB8-8B4A-11D0-8D11-00A0C91BC942}") = "events", "tests\events.vcxproj", "{97A2276C-B54E-3B98-8E1C-E62D5C44D813}"
	ProjectSection(ProjectDependencies) = postProject
		{2014A097-D300-3836-9125-E7C85638DAAE} = {2014A097-D300-3836-9125-E7C85638DAAE}
		{C949A48A-722A-3D22-8D51-8B26C271258E} = {C949A48A-722A-3D22-8D51-8B26C271258E}
	EndProjectSection
EndProject
Project("{8BC9CEB8-8B4A-11D0-8D11-00A0C91BC942}") = "gamma", "tests\gamma.vcxproj", "{77F33A8F-97C2-31FF-BBA5-B613C3FD0287}"
	ProjectSection(ProjectDependencies) = postProject
		{2014A097-D300-3836-9125-E7C85638DAAE} = {2014A097-D300-3836-9125-E7C85638DAAE}
		{C949A48A-722A-3D22-8D51-8B26C271258E} = {C949A48A-722A-3D22-8D51-8B26C271258E}
	EndProjectSection
EndProject
Project("{8BC9CEB8-8B4A-11D0-8D11-00A0C91BC942}") = "gears", "examples\gears.vcxproj", "{B8B1B599-FBF9-3F06-B33C-193228C94BF2}"
	ProjectSection(ProjectDependencies) = postProject
		{2014A097-D300-3836-9125-E7C85638DAAE} = {2014A097-D300-3836-9125-E7C85638DAAE}
		{C949A48A-722A-3D22-8D51-8B26C271258E} = {C949A48A-722A-3D22-8D51-8B26C271258E}
	EndProjectSection
EndProject
Project("{8BC9CEB8-8B4A-11D0-8D11-00A0C91BC942}") = "glfw", "src\glfw.vcxproj", "{C949A48A-722A-3D22-8D51-8B26C271258E}"
	ProjectSection(ProjectDependencies) = postProject
		{2014A097-D300-3836-9125-E7C85638DAAE} = {2014A097-D300-3836-9125-E7C85638DAAE}
	EndProjectSection
EndProject
Project("{8BC9CEB8-8B4A-11D0-8D11-00A0C91BC942}") = "glfwinfo", "tests\glfwinfo.vcxproj", "{59C932F8-7D8C-3350-AD1A-E01556FE83A5}"
	ProjectSection(ProjectDependencies) = postProject
		{2014A097-D300-3836-9125-E7C85638DAAE} = {2014A097-D300-3836-9125-E7C85638DAAE}
		{C949A48A-722A-3D22-8D51-8B26C271258E} = {C949A48A-722A-3D22-8D51-8B26C271258E}
	EndProjectSection
EndProject
Project("{8BC9CEB8-8B4A-11D0-8D11-00A0C91BC942}") = "heightmap", "examples\heightmap.vcxproj", "{A6F4AE29-B8B9-3C36-8A51-1DB43C6A7E8D}"
	ProjectSection(ProjectDependencies) = postProject
		{2014A097-D300-3836-9125-E7C85638DAAE} = {2014A097-D300-3836-9125-E7C85638DAAE}
		{C949A48A-722A-3D22-8D51-8B26C271258E} = {C949A48A-722A-3D22-8D51-8B26C271258E}
	EndProjectSection
EndProject
Project("{8BC9CEB8-8B4A-11D0-8D11-00A0C91BC942}") = "icon", "tests\icon.vcxproj", "{F49E6C47-8CA6-3BE6-929D-B1A969E101DC}"
	ProjectSection(ProjectDependencies) = postProject
		{2014A097-D300-3836-9125-E7C85638DAAE} = {2014A097-D300-3836-9125-E7C85638DAAE}
		{C949A48A-722A-3D22-8D51-8B26C271258E} = {C949A48A-722A-3D22-8D51-8B26C271258E}
	EndProjectSection
EndProject
Project("{8BC9CEB8-8B4A-11D0-8D11-00A0C91BC942}") = "iconify", "tests\iconify.vcxproj", "{F830EE1B-FAAD-3523-A617-EEA74B5B9C86}"
	ProjectSection(ProjectDependencies) = postProject
		{2014A097-D300-3836-9125-E7C85638DAAE} = {2014A097-D300-3836-9125-E7C85638DAAE}
		{C949A48A-722A-3D22-8D51-8B26C271258E} = {C949A48A-722A-3D22-8D51-8B26C271258E}
	EndProjectSection
EndProject
Project("{8BC9CEB8-8B4A-11D0-8D11-00A0C91BC942}") = "inputlag", "tests\inputlag.vcxproj", "{9A5C020A-0C43-3661-8BC1-B4FAA2FA205A}"
	ProjectSection(ProjectDependencies) = postProject
		{2014A097-D300-3836-9125-E7C85638DAAE} = {2014A097-D300-3836-9125-E7C85638DAAE}
		{C949A48A-722A-3D22-8D51-8B26C271258E} = {C949A48A-722A-3D22-8D51-8B26C271258E}
	EndProjectSection
EndProject
Project("{8BC9CEB8-8B4A-11D0-8D11-00A0C91BC942}") = "joysticks", "tests\joysticks.vcxproj", "{E07AABB1-A820-3F5F-BB4B-E9F38503018A}"
	ProjectSection(ProjectDependencies) = postProject
		{2014A097-D300-3836-9125-E7C85638DAAE} = {2014A097-D300-3836-9125-E7C85638DAAE}
		{C949A48A-722A-3D22-8D51-8B26C271258E} = {C949A48A-722A-3D22-8D51-8B26C271258E}
	EndProjectSection
EndProject
Project("{8BC9CEB8-8B4A-11D0-8D11-00A0C91BC942}") = "monitors", "tests\monitors.vcxproj", "{8877BB3A-E6F0-3C57-B87C-5FDA994DDFCA}"
	ProjectSection(ProjectDependencies) = postProject
		{2014A097-D300-3836-9125-E7C85638DAAE} = {2014A097-D300-3836-9125-E7C85638DAAE}
		{C949A48A-722A-3D22-8D51-8B26C271258E} = {C949A48A-722A-3D22-8D51-8B26C271258E}
	EndProjectSection
EndProject
Project("{8BC9CEB8-8B4A-11D0-8D11-00A0C91BC942}") = "msaa", "tests\msaa.vcxproj", "{386F6105-1364-3379-B7B0-56D32F1F9199}"
	ProjectSection(ProjectDependencies) = postProject
		{2014A097-D300-3836-9125-E7C85638DAAE} = {2014A097-D300-3836-9125-E7C85638DAAE}
		{C949A48A-722A-3D22-8D51-8B26C271258E} = {C949A48A-722A-3D22-8D51-8B26C271258E}
	EndProjectSection
EndProject
Project("{8BC9CEB8-8B4A-11D0-8D11-00A0C91BC942}") = "offscreen", "examples\offscreen.vcxproj", "{8B0521A9-8985-34DE-B29D-C9A582BA8952}"
	ProjectSection(ProjectDependencies) = postProject
		{2014A097-D300-3836-9125-E7C85638DAAE} = {2014A097-D300-3836-9125-E7C85638DAAE}
		{C949A48A-722A-3D22-8D51-8B26C271258E} = {C949A48A-722A-3D22-8D51-8B26C271258E}
	EndProjectSection
EndProject
Project("{8BC9CEB8-8B4A-11D0-8D11-00A0C91BC942}") = "opacity", "tests\opacity.vcxproj", "{7E3C3EE7-86BB-3CD2-997D-14EA9B6FEA35}"
	ProjectSection(ProjectDependencies) = postProject
		{2014A097-D300-3836-9125-E7C85638DAAE} = {2014A097-D300-3836-9125-E7C85638DAAE}
		{C949A48A-722A-3D22-8D51-8B26C271258E} = {C949A48A-722A-3D22-8D51-8B26C271258E}
	EndProjectSection
EndProject
Project("{8BC9CEB8-8B4A-11D0-8D11-00A0C91BC942}") = "particles", "examples\particles.vcxproj", "{59715109-34F4-3179-831A-630AAAF22B64}"
	ProjectSection(ProjectDependencies) = postProject
		{2014A097-D300-3836-9125-E7C85638DAAE} = {2014A097-D300-3836-9125-E7C85638DAAE}
		{C949A48A-722A-3D22-8D51-8B26C271258E} = {C949A48A-722A-3D22-8D51-8B26C271258E}
	EndProjectSection
EndProject
Project("{8BC9CEB8-8B4A-11D0-8D11-00A0C91BC942}") = "reopen", "tests\reopen.vcxproj", "{24617B54-DD66-3C4F-8C3B-A291C0566B74}"
	ProjectSection(ProjectDependencies) = postProject
		{2014A097-D300-3836-9125-E7C85638DAAE} = {2014A097-D300-3836-9125-E7C85638DAAE}
		{C949A48A-722A-3D22-8D51-8B26C271258E} = {C949A48A-722A-3D22-8D51-8B26C271258E}
	EndProjectSection
EndProject
Project("{8BC9CEB8-8B4A-11D0-8D11-00A0C91BC942}") = "sharing", "examples\sharing.vcxproj", "{F9E85C56-0C08-3599-B9CB-FC109BB66A60}"
	ProjectSection(ProjectDependencies) = postProject
		{2014A097-D300-3836-9125-E7C85638DAAE} = {2014A097-D300-3836-9125-E7C85638DAAE}
		{C949A48A-722A-3D22-8D51-8B26C271258E} = {C949A48A-722A-3D22-8D51-8B26C271258E}
	EndProjectSection
EndProject
Project("{8BC9CEB8-8B4A-11D0-8D11-00A0C91BC942}") = "simple", "examples\simple.vcxproj", "{238798D7-73C2-3796-9667-C0503AA6FDBF}"
	ProjectSection(ProjectDependencies) = postProject
		{2014A097-D300-3836-9125-E7C85638DAAE} = {2014A097-D300-3836-9125-E7C85638DAAE}
		{C949A48A-722A-3D22-8D51-8B26C271258E} = {C949A48A-722A-3D22-8D51-8B26C271258E}
	EndProjectSection
EndProject
Project("{8BC9CEB8-8B4A-11D0-8D11-00A0C91BC942}") = "splitview", "examples\splitview.vcxproj", "{B29BA52F-1928-348C-B456-C780C8B78942}"
	ProjectSection(ProjectDependencies) = postProject
		{2014A097-D300-3836-9125-E7C85638DAAE} = {2014A097-D300-3836-9125-E7C85638DAAE}
		{C949A48A-722A-3D22-8D51-8B26C271258E} = {C949A48A-722A-3D22-8D51-8B26C271258E}
	EndProjectSection
EndProject
Project("{8BC9CEB8-8B4A-11D0-8D11-00A0C91BC942}") = "tearing", "tests\tearing.vcxproj", "{8E0EB37D-4BEB-3BC8-ACCC-8D9663DB853B}"
	ProjectSection(ProjectDependencies) = postProject
		{2014A097-D300-3836-9125-E7C85638DAAE} = {2014A097-D300-3836-9125-E7C85638DAAE}
		{C949A48A-722A-3D22-8D51-8B26C271258E} = {C949A48A-722A-3D22-8D51-8B26C271258E}
	EndProjectSection
EndProject
Project("{8BC9CEB8-8B4A-11D0-8D11-00A0C91BC942}") = "threads", "tests\threads.vcxproj", "{69AEC03B-3632-37B3-A611-302D4C36CA59}"
	ProjectSection(ProjectDependencies) = postProject
		{2014A097-D300-3836-9125-E7C85638DAAE} = {2014A097-D300-3836-9125-E7C85638DAAE}
		{C949A48A-722A-3D22-8D51-8B26C271258E} = {C949A48A-722A-3D22-8D51-8B26C271258E}
	EndProjectSection
EndProject
Project("{8BC9CEB8-8B4A-11D0-8D11-00A0C91BC942}") = "timeout", "tests\timeout.vcxproj", "{9A21D64D-D334-3193-A323-3B185EE783CC}"
	ProjectSection(ProjectDependencies) = postProject
		{2014A097-D300-3836-9125-E7C85638DAAE} = {2014A097-D300-3836-9125-E7C85638DAAE}
		{C949A48A-722A-3D22-8D51-8B26C271258E} = {C949A48A-722A-3D22-8D51-8B26C271258E}
	EndProjectSection
EndProject
Project("{8BC9CEB8-8B4A-11D0-8D11-00A0C91BC942}") = "title", "tests\title.vcxproj", "{5641006F-739A-3327-9EF5-1BD79F14EA11}"
	ProjectSection(ProjectDependencies) = postProject
		{2014A097-D300-3836-9125-E7C85638DAAE} = {2014A097-D300-3836-9125-E7C85638DAAE}
		{C949A48A-722A-3D22-8D51-8B26C271258E} = {C949A48A-722A-3D22-8D51-8B26C271258E}
	EndProjectSection
EndProject
Project("{8BC9CEB8-8B4A-11D0-8D11-00A0C91BC942}") = "triangle-vulkan", "tests\triangle-vulkan.vcxproj", "{6A218F90-20FE-3DFF-8917-E2D123080B67}"
	ProjectSection(ProjectDependencies) = postProject
		{2014A097-D300-3836-9125-E7C85638DAAE} = {2014A097-D300-3836-9125-E7C85638DAAE}
		{C949A48A-722A-3D22-8D51-8B26C271258E} = {C949A48A-722A-3D22-8D51-8B26C271258E}
	EndProjectSection
EndProject
Project("{8BC9CEB8-8B4A-11D0-8D11-00A0C91BC942}") = "uninstall", "uninstall.vcxproj", "{BBFE27F4-8447-34E5-A5F1-939B4F07EA27}"
	ProjectSection(ProjectDependencies) = postProject
		{2014A097-D300-3836-9125-E7C85638DAAE} = {2014A097-D300-3836-9125-E7C85638DAAE}
	EndProjectSection
EndProject
Project("{8BC9CEB8-8B4A-11D0-8D11-00A0C91BC942}") = "update_mappings", "src\update_mappings.vcxproj", "{5E08D5F0-7A80-3B08-B5F9-973A6F7719E5}"
	ProjectSection(ProjectDependencies) = postProject
		{2014A097-D300-3836-9125-E7C85638DAAE} = {2014A097-D300-3836-9125-E7C85638DAAE}
	EndProjectSection
EndProject
Project("{8BC9CEB8-8B4A-11D0-8D11-00A0C91BC942}") = "wave", "examples\wave.vcxproj", "{BF82E913-1B4F-31E7-8569-1A90FAF916DF}"
	ProjectSection(ProjectDependencies) = postProject
		{2014A097-D300-3836-9125-E7C85638DAAE} = {2014A097-D300-3836-9125-E7C85638DAAE}
		{C949A48A-722A-3D22-8D51-8B26C271258E} = {C949A48A-722A-3D22-8D51-8B26C271258E}
	EndProjectSection
EndProject
Project("{8BC9CEB8-8B4A-11D0-8D11-00A0C91BC942}") = "windows", "tests\windows.vcxproj", "{5DC49DFF-F1C9-3DFA-A38D-BEABA3228772}"
	ProjectSection(ProjectDependencies) = postProject
		{2014A097-D300-3836-9125-E7C85638DAAE} = {2014A097-D300-3836-9125-E7C85638DAAE}
		{C949A48A-722A-3D22-8D51-8B26C271258E} = {C949A48A-722A-3D22-8D51-8B26C271258E}
	EndProjectSection
EndProject
Global
	GlobalSection(SolutionConfigurationPlatforms) = preSolution
		Debug|x64 = Debug|x64
		Release|x64 = Release|x64
		MinSizeRel|x64 = MinSizeRel|x64
		RelWithDebInfo|x64 = RelWithDebInfo|x64
	EndGlobalSection
	GlobalSection(ProjectConfigurationPlatforms) = postSolution
		{8CDA21ED-1906-3F60-B2C1-374F64DEDED0}.Debug|x64.ActiveCfg = Debug|x64
		{8CDA21ED-1906-3F60-B2C1-374F64DEDED0}.Debug|x64.Build.0 = Debug|x64
		{8CDA21ED-1906-3F60-B2C1-374F64DEDED0}.Release|x64.ActiveCfg = Release|x64
		{8CDA21ED-1906-3F60-B2C1-374F64DEDED0}.Release|x64.Build.0 = Release|x64
		{8CDA21ED-1906-3F60-B2C1-374F64DEDED0}.MinSizeRel|x64.ActiveCfg = MinSizeRel|x64
		{8CDA21ED-1906-3F60-B2C1-374F64DEDED0}.MinSizeRel|x64.Build.0 = MinSizeRel|x64
		{8CDA21ED-1906-3F60-B2C1-374F64DEDED0}.RelWithDebInfo|x64.ActiveCfg = RelWithDebInfo|x64
		{8CDA21ED-1906-3F60-B2C1-374F64DEDED0}.RelWithDebInfo|x64.Build.0 = RelWithDebInfo|x64
		{C3E8DC44-EDBF-36C3-92CC-10F6C7C6D2DB}.Debug|x64.ActiveCfg = Debug|x64
		{C3E8DC44-EDBF-36C3-92CC-10F6C7C6D2DB}.Release|x64.ActiveCfg = Release|x64
		{C3E8DC44-EDBF-36C3-92CC-10F6C7C6D2DB}.MinSizeRel|x64.ActiveCfg = MinSizeRel|x64
		{C3E8DC44-EDBF-36C3-92CC-10F6C7C6D2DB}.RelWithDebInfo|x64.ActiveCfg = RelWithDebInfo|x64
		{2014A097-D300-3836-9125-E7C85638DAAE}.Debug|x64.ActiveCfg = Debug|x64
		{2014A097-D300-3836-9125-E7C85638DAAE}.Debug|x64.Build.0 = Debug|x64
		{2014A097-D300-3836-9125-E7C85638DAAE}.Release|x64.ActiveCfg = Release|x64
		{2014A097-D300-3836-9125-E7C85638DAAE}.Release|x64.Build.0 = Release|x64
		{2014A097-D300-3836-9125-E7C85638DAAE}.MinSizeRel|x64.ActiveCfg = MinSizeRel|x64
		{2014A097-D300-3836-9125-E7C85638DAAE}.MinSizeRel|x64.Build.0 = MinSizeRel|x64
		{2014A097-D300-3836-9125-E7C85638DAAE}.RelWithDebInfo|x64.ActiveCfg = RelWithDebInfo|x64
		{2014A097-D300-3836-9125-E7C85638DAAE}.RelWithDebInfo|x64.Build.0 = RelWithDebInfo|x64
		{DBCB3DB1-3083-3681-97D6-58C90A7511E2}.Debug|x64.ActiveCfg = Debug|x64
		{DBCB3DB1-3083-3681-97D6-58C90A7511E2}.Debug|x64.Build.0 = Debug|x64
		{DBCB3DB1-3083-3681-97D6-58C90A7511E2}.Release|x64.ActiveCfg = Release|x64
		{DBCB3DB1-3083-3681-97D6-58C90A7511E2}.Release|x64.Build.0 = Release|x64
		{DBCB3DB1-3083-3681-97D6-58C90A7511E2}.MinSizeRel|x64.ActiveCfg = MinSizeRel|x64
		{DBCB3DB1-3083-3681-97D6-58C90A7511E2}.MinSizeRel|x64.Build.0 = MinSizeRel|x64
		{DBCB3DB1-3083-3681-97D6-58C90A7511E2}.RelWithDebInfo|x64.ActiveCfg = RelWithDebInfo|x64
		{DBCB3DB1-3083-3681-97D6-58C90A7511E2}.RelWithDebInfo|x64.Build.0 = RelWithDebInfo|x64
		{ADE39D9F-D340-3FC9-B628-DA698B0D2742}.Debug|x64.ActiveCfg = Debug|x64
		{ADE39D9F-D340-3FC9-B628-DA698B0D2742}.Debug|x64.Build.0 = Debug|x64
		{ADE39D9F-D340-3FC9-B628-DA698B0D2742}.Release|x64.ActiveCfg = Release|x64
		{ADE39D9F-D340-3FC9-B628-DA698B0D2742}.Release|x64.Build.0 = Release|x64
		{ADE39D9F-D340-3FC9-B628-DA698B0D2742}.MinSizeRel|x64.ActiveCfg = MinSizeRel|x64
		{ADE39D9F-D340-3FC9-B628-DA698B0D2742}.MinSizeRel|x64.Build.0 = MinSizeRel|x64
		{ADE39D9F-D340-3FC9-B628-DA698B0D2742}.RelWithDebInfo|x64.ActiveCfg = RelWithDebInfo|x64
		{ADE39D9F-D340-3FC9-B628-DA698B0D2742}.RelWithDebInfo|x64.Build.0 = RelWithDebInfo|x64
		{78497C6D-48C5-34A0-9B1D-6B2452AE580E}.Debug|x64.ActiveCfg = Debug|x64
		{78497C6D-48C5-34A0-9B1D-6B2452AE580E}.Debug|x64.Build.0 = Debug|x64
		{78497C6D-48C5-34A0-9B1D-6B2452AE580E}.Release|x64.ActiveCfg = Release|x64
		{78497C6D-48C5-34A0-9B1D-6B2452AE580E}.Release|x64.Build.0 = Release|x64
		{78497C6D-48C5-34A0-9B1D-6B2452AE580E}.MinSizeRel|x64.ActiveCfg = MinSizeRel|x64
		{78497C6D-48C5-34A0-9B1D-6B2452AE580E}.MinSizeRel|x64.Build.0 = MinSizeRel|x64
		{78497C6D-48C5-34A0-9B1D-6B2452AE580E}.RelWithDebInfo|x64.ActiveCfg = RelWithDebInfo|x64
		{78497C6D-48C5-34A0-9B1D-6B2452AE580E}.RelWithDebInfo|x64.Build.0 = RelWithDebInfo|x64
		{8DE7C11D-8AAC-3809-B5EF-C8D9FBF6C7F9}.Debug|x64.ActiveCfg = Debug|x64
		{8DE7C11D-8AAC-3809-B5EF-C8D9FBF6C7F9}.Debug|x64.Build.0 = Debug|x64
		{8DE7C11D-8AAC-3809-B5EF-C8D9FBF6C7F9}.Release|x64.ActiveCfg = Release|x64
		{8DE7C11D-8AAC-3809-B5EF-C8D9FBF6C7F9}.Release|x64.Build.0 = Release|x64
		{8DE7C11D-8AAC-3809-B5EF-C8D9FBF6C7F9}.MinSizeRel|x64.ActiveCfg = MinSizeRel|x64
		{8DE7C11D-8AAC-3809-B5EF-C8D9FBF6C7F9}.MinSizeRel|x64.Build.0 = MinSizeRel|x64
		{8DE7C11D-8AAC-3809-B5EF-C8D9FBF6C7F9}.RelWithDebInfo|x64.ActiveCfg = RelWithDebInfo|x64
		{8DE7C11D-8AAC-3809-B5EF-C8D9FBF6C7F9}.RelWithDebInfo|x64.Build.0 = RelWithDebInfo|x64
		{97A2276C-B54E-3B98-8E1C-E62D5C44D813}.Debug|x64.ActiveCfg = Debug|x64
		{97A2276C-B54E-3B98-8E1C-E62D5C44D813}.Debug|x64.Build.0 = Debug|x64
		{97A2276C-B54E-3B98-8E1C-E62D5C44D813}.Release|x64.ActiveCfg = Release|x64
		{97A2276C-B54E-3B98-8E1C-E62D5C44D813}.Release|x64.Build.0 = Release|x64
		{97A2276C-B54E-3B98-8E1C-E62D5C44D813}.MinSizeRel|x64.ActiveCfg = MinSizeRel|x64
		{97A2276C-B54E-3B98-8E1C-E62D5C44D813}.MinSizeRel|x64.Build.0 = MinSizeRel|x64
		{97A2276C-B54E-3B98-8E1C-E62D5C44D813}.RelWithDebInfo|x64.ActiveCfg = RelWithDebInfo|x64
		{97A2276C-B54E-3B98-8E1C-E62D5C44D813}.RelWithDebInfo|x64.Build.0 = RelWithDebInfo|x64
		{77F33A8F-97C2-31FF-BBA5-B613C3FD0287}.Debug|x64.ActiveCfg = Debug|x64
		{77F33A8F-97C2-31FF-BBA5-B613C3FD0287}.Debug|x64.Build.0 = Debug|x64
		{77F33A8F-97C2-31FF-BBA5-B613C3FD0287}.Release|x64.ActiveCfg = Release|x64
		{77F33A8F-97C2-31FF-BBA5-B613C3FD0287}.Release|x64.Build.0 = Release|x64
		{77F33A8F-97C2-31FF-BBA5-B613C3FD0287}.MinSizeRel|x64.ActiveCfg = MinSizeRel|x64
		{77F33A8F-97C2-31FF-BBA5-B613C3FD0287}.MinSizeRel|x64.Build.0 = MinSizeRel|x64
		{77F33A8F-97C2-31FF-BBA5-B613C3FD0287}.RelWithDebInfo|x64.ActiveCfg = RelWithDebInfo|x64
		{77F33A8F-97C2-31FF-BBA5-B613C3FD0287}.RelWithDebInfo|x64.Build.0 = RelWithDebInfo|x64
		{B8B1B599-FBF9-3F06-B33C-193228C94BF2}.Debug|x64.ActiveCfg = Debug|x64
		{B8B1B599-FBF9-3F06-B33C-193228C94BF2}.Debug|x64.Build.0 = Debug|x64
		{B8B1B599-FBF9-3F06-B33C-193228C94BF2}.Release|x64.ActiveCfg = Release|x64
		{B8B1B599-FBF9-3F06-B33C-193228C94BF2}.Release|x64.Build.0 = Release|x64
		{B8B1B599-FBF9-3F06-B33C-193228C94BF2}.MinSizeRel|x64.ActiveCfg = MinSizeRel|x64
		{B8B1B599-FBF9-3F06-B33C-193228C94BF2}.MinSizeRel|x64.Build.0 = MinSizeRel|x64
		{B8B1B599-FBF9-3F06-B33C-193228C94BF2}.RelWithDebInfo|x64.ActiveCfg = RelWithDebInfo|x64
		{B8B1B599-FBF9-3F06-B33C-193228C94BF2}.RelWithDebInfo|x64.Build.0 = RelWithDebInfo|x64
		{C949A48A-722A-3D22-8D51-8B26C271258E}.Debug|x64.ActiveCfg = Debug|x64
		{C949A48A-722A-3D22-8D51-8B26C271258E}.Debug|x64.Build.0 = Debug|x64
		{C949A48A-722A-3D22-8D51-8B26C271258E}.Release|x64.ActiveCfg = Release|x64
		{C949A48A-722A-3D22-8D51-8B26C271258E}.Release|x64.Build.0 = Release|x64
		{C949A48A-722A-3D22-8D51-8B26C271258E}.MinSizeRel|x64.ActiveCfg = MinSizeRel|x64
		{C949A48A-722A-3D22-8D51-8B26C271258E}.MinSizeRel|x64.Build.0 = MinSizeRel|x64
		{C949A48A-722A-3D22-8D51-8B26C271258E}.RelWithDebInfo|x64.ActiveCfg = RelWithDebInfo|x64
		{C949A48A-722A-3D22-8D51-8B26C271258E}.RelWithDebInfo|x64.Build.0 = RelWithDebInfo|x64
		{59C932F8-7D8C-3350-AD1A-E01556FE83A5}.Debug|x64.ActiveCfg = Debug|x64
		{59C932F8-7D8C-3350-AD1A-E01556FE83A5}.Debug|x64.Build.0 = Debug|x64
		{59C932F8-7D8C-3350-AD1A-E01556FE83A5}.Release|x64.ActiveCfg = Release|x64
		{59C932F8-7D8C-3350-AD1A-E01556FE83A5}.Release|x64.Build.0 = Release|x64
		{59C932F8-7D8C-3350-AD1A-E01556FE83A5}.MinSizeRel|x64.ActiveCfg = MinSizeRel|x64
		{59C932F8-7D8C-3350-AD1A-E01556FE83A5}.MinSizeRel|x64.Build.0 = MinSizeRel|x64
		{59C932F8-7D8C-3350-AD1A-E01556FE83A5}.RelWithDebInfo|x64.ActiveCfg = RelWithDebInfo|x64
		{59C932F8-7D8C-3350-AD1A-E01556FE83A5}.RelWithDebInfo|x64.Build.0 = RelWithDebInfo|x64
		{A6F4AE29-B8B9-3C36-8A51-1DB43C6A7E8D}.Debug|x64.ActiveCfg = Debug|x64
		{A6F4AE29-B8B9-3C36-8A51-1DB43C6A7E8D}.Debug|x64.Build.0 = Debug|x64
		{A6F4AE29-B8B9-3C36-8A51-1DB43C6A7E8D}.Release|x64.ActiveCfg = Release|x64
		{A6F4AE29-B8B9-3C36-8A51-1DB43C6A7E8D}.Release|x64.Build.0 = Release|x64
		{A6F4AE29-B8B9-3C36-8A51-1DB43C6A7E8D}.MinSizeRel|x64.ActiveCfg = MinSizeRel|x64
		{A6F4AE29-B8B9-3C36-8A51-1DB43C6A7E8D}.MinSizeRel|x64.Build.0 = MinSizeRel|x64
		{A6F4AE29-B8B9-3C36-8A51-1DB43C6A7E8D}.RelWithDebInfo|x64.ActiveCfg = RelWithDebInfo|x64
		{A6F4AE29-B8B9-3C36-8A51-1DB43C6A7E8D}.RelWithDebInfo|x64.Build.0 = RelWithDebInfo|x64
		{F49E6C47-8CA6-3BE6-929D-B1A969E101DC}.Debug|x64.ActiveCfg = Debug|x64
		{F49E6C47-8CA6-3BE6-929D-B1A969E101DC}.Debug|x64.Build.0 = Debug|x64
		{F49E6C47-8CA6-3BE6-929D-B1A969E101DC}.Release|x64.ActiveCfg = Release|x64
		{F49E6C47-8CA6-3BE6-929D-B1A969E101DC}.Release|x64.Build.0 = Release|x64
		{F49E6C47-8CA6-3BE6-929D-B1A969E101DC}.MinSizeRel|x64.ActiveCfg = MinSizeRel|x64
		{F49E6C47-8CA6-3BE6-929D-B1A969E101DC}.MinSizeRel|x64.Build.0 = MinSizeRel|x64
		{F49E6C47-8CA6-3BE6-929D-B1A969E101DC}.RelWithDebInfo|x64.ActiveCfg = RelWithDebInfo|x64
		{F49E6C47-8CA6-3BE6-929D-B1A969E101DC}.RelWithDebInfo|x64.Build.0 = RelWithDebInfo|x64
		{F830EE1B-FAAD-3523-A617-EEA74B5B9C86}.Debug|x64.ActiveCfg = Debug|x64
		{F830EE1B-FAAD-3523-A617-EEA74B5B9C86}.Debug|x64.Build.0 = Debug|x64
		{F830EE1B-FAAD-3523-A617-EEA74B5B9C86}.Release|x64.ActiveCfg = Release|x64
		{F830EE1B-FAAD-3523-A617-EEA74B5B9C86}.Release|x64.Build.0 = Release|x64
		{F830EE1B-FAAD-3523-A617-EEA74B5B9C86}.MinSizeRel|x64.ActiveCfg = MinSizeRel|x64
		{F830EE1B-FAAD-3523-A617-EEA74B5B9C86}.MinSizeRel|x64.Build.0 = MinSizeRel|x64
		{F830EE1B-FAAD-3523-A617-EEA74B5B9C86}.RelWithDebInfo|x64.ActiveCfg = RelWithDebInfo|x64
		{F830EE1B-FAAD-3523-A617-EEA74B5B9C86}.RelWithDebInfo|x64.Build.0 = RelWithDebInfo|x64
		{9A5C020A-0C43-3661-8BC1-B4FAA2FA205A}.Debug|x64.ActiveCfg = Debug|x64
		{9A5C020A-0C43-3661-8BC1-B4FAA2FA205A}.Debug|x64.Build.0 = Debug|x64
		{9A5C020A-0C43-3661-8BC1-B4FAA2FA205A}.Release|x64.ActiveCfg = Release|x64
		{9A5C020A-0C43-3661-8BC1-B4FAA2FA205A}.Release|x64.Build.0 = Release|x64
		{9A5C020A-0C43-3661-8BC1-B4FAA2FA205A}.MinSizeRel|x64.ActiveCfg = MinSizeRel|x64
		{9A5C020A-0C43-3661-8BC1-B4FAA2FA205A}.MinSizeRel|x64.Build.0 = MinSizeRel|x64
		{9A5C020A-0C43-3661-8BC1-B4FAA2FA205A}.RelWithDebInfo|x64.ActiveCfg = RelWithDebInfo|x64
		{9A5C020A-0C43-3661-8BC1-B4FAA2FA205A}.RelWithDebInfo|x64.Build.0 = RelWithDebInfo|x64
		{E07AABB1-A820-3F5F-BB4B-E9F38503018A}.Debug|x64.ActiveCfg = Debug|x64
		{E07AABB1-A820-3F5F-BB4B-E9F38503018A}.Debug|x64.Build.0 = Debug|x64
		{E07AABB1-A820-3F5F-BB4B-E9F38503018A}.Release|x64.ActiveCfg = Release|x64
		{E07AABB1-A820-3F5F-BB4B-E9F38503018A}.Release|x64.Build.0 = Release|x64
		{E07AABB1-A820-3F5F-BB4B-E9F38503018A}.MinSizeRel|x64.ActiveCfg = MinSizeRel|x64
		{E07AABB1-A820-3F5F-BB4B-E9F38503018A}.MinSizeRel|x64.Build.0 = MinSizeRel|x64
		{E07AABB1-A820-3F5F-BB4B-E9F38503018A}.RelWithDebInfo|x64.ActiveCfg = RelWithDebInfo|x64
		{E07AABB1-A820-3F5F-BB4B-E9F38503018A}.RelWithDebInfo|x64.Build.0 = RelWithDebInfo|x64
		{8877BB3A-E6F0-3C57-B87C-5FDA994DDFCA}.Debug|x64.ActiveCfg = Debug|x64
		{8877BB3A-E6F0-3C57-B87C-5FDA994DDFCA}.Debug|x64.Build.0 = Debug|x64
		{8877BB3A-E6F0-3C57-B87C-5FDA994DDFCA}.Release|x64.ActiveCfg = Release|x64
		{8877BB3A-E6F0-3C57-B87C-5FDA994DDFCA}.Release|x64.Build.0 = Release|x64
		{8877BB3A-E6F0-3C57-B87C-5FDA994DDFCA}.MinSizeRel|x64.ActiveCfg = MinSizeRel|x64
		{8877BB3A-E6F0-3C57-B87C-5FDA994DDFCA}.MinSizeRel|x64.Build.0 = MinSizeRel|x64
		{8877BB3A-E6F0-3C57-B87C-5FDA994DDFCA}.RelWithDebInfo|x64.ActiveCfg = RelWithDebInfo|x64
		{8877BB3A-E6F0-3C57-B87C-5FDA994DDFCA}.RelWithDebInfo|x64.Build.0 = RelWithDebInfo|x64
		{386F6105-1364-3379-B7B0-56D32F1F9199}.Debug|x64.ActiveCfg = Debug|x64
		{386F6105-1364-3379-B7B0-56D32F1F9199}.Debug|x64.Build.0 = Debug|x64
		{386F6105-1364-3379-B7B0-56D32F1F9199}.Release|x64.ActiveCfg = Release|x64
		{386F6105-1364-3379-B7B0-56D32F1F9199}.Release|x64.Build.0 = Release|x64
		{386F6105-1364-3379-B7B0-56D32F1F9199}.MinSizeRel|x64.ActiveCfg = MinSizeRel|x64
		{386F6105-1364-3379-B7B0-56D32F1F9199}.MinSizeRel|x64.Build.0 = MinSizeRel|x64
		{386F6105-1364-3379-B7B0-56D32F1F9199}.RelWithDebInfo|x64.ActiveCfg = RelWithDebInfo|x64
		{386F6105-1364-3379-B7B0-56D32F1F9199}.RelWithDebInfo|x64.Build.0 = RelWithDebInfo|x64
		{8B0521A9-8985-34DE-B29D-C9A582BA8952}.Debug|x64.ActiveCfg = Debug|x64
		{8B0521A9-8985-34DE-B29D-C9A582BA8952}.Debug|x64.Build.0 = Debug|x64
		{8B0521A9-8985-34DE-B29D-C9A582BA8952}.Release|x64.ActiveCfg = Release|x64
		{8B0521A9-8985-34DE-B29D-C9A582BA8952}.Release|x64.Build.0 = Release|x64
		{8B0521A9-8985-34DE-B29D-C9A582BA8952}.MinSizeRel|x64.ActiveCfg = MinSizeRel|x64
		{8B0521A9-8985-34DE-B29D-C9A582BA8952}.MinSizeRel|x64.Build.0 = MinSizeRel|x64
		{8B0521A9-8985-34DE-B29D-C9A582BA8952}.RelWithDebInfo|x64.ActiveCfg = RelWithDebInfo|x64
		{8B0521A9-8985-34DE-B29D-C9A582BA8952}.RelWithDebInfo|x64.Build.0 = RelWithDebInfo|x64
		{7E3C3EE7-86BB-3CD2-997D-14EA9B6FEA35}.Debug|x64.ActiveCfg = Debug|x64
		{7E3C3EE7-86BB-3CD2-997D-14EA9B6FEA35}.Debug|x64.Build.0 = Debug|x64
		{7E3C3EE7-86BB-3CD2-997D-14EA9B6FEA35}.Release|x64.ActiveCfg = Release|x64
		{7E3C3EE7-86BB-3CD2-997D-14EA9B6FEA35}.Release|x64.Build.0 = Release|x64
		{7E3C3EE7-86BB-3CD2-997D-14EA9B6FEA35}.MinSizeRel|x64.ActiveCfg = MinSizeRel|x64
		{7E3C3EE7-86BB-3CD2-997D-14EA9B6FEA35}.MinSizeRel|x64.Build.0 = MinSizeRel|x64
		{7E3C3EE7-86BB-3CD2-997D-14EA9B6FEA35}.RelWithDebInfo|x64.ActiveCfg = RelWithDebInfo|x64
		{7E3C3EE7-86BB-3CD2-997D-14EA9B6FEA35}.RelWithDebInfo|x64.Build.0 = RelWithDebInfo|x64
		{59715109-34F4-3179-831A-630AAAF22B64}.Debug|x64.ActiveCfg = Debug|x64
		{59715109-34F4-3179-831A-630AAAF22B64}.Debug|x64.Build.0 = Debug|x64
		{59715109-34F4-3179-831A-630AAAF22B64}.Release|x64.ActiveCfg = Release|x64
		{59715109-34F4-3179-831A-630AAAF22B64}.Release|x64.Build.0 = Release|x64
		{59715109-34F4-3179-831A-630AAAF22B64}.MinSizeRel|x64.ActiveCfg = MinSizeRel|x64
		{59715109-34F4-3179-831A-630AAAF22B64}.MinSizeRel|x64.Build.0 = MinSizeRel|x64
		{59715109-34F4-3179-831A-630AAAF22B64}.RelWithDebInfo|x64.ActiveCfg = RelWithDebInfo|x64
		{59715109-34F4-3179-831A-630AAAF22B64}.RelWithDebInfo|x64.Build.0 = RelWithDebInfo|x64
		{24617B54-DD66-3C4F-8C3B-A291C0566B74}.Debug|x64.ActiveCfg = Debug|x64
		{24617B54-DD66-3C4F-8C3B-A291C0566B74}.Debug|x64.Build.0 = Debug|x64
		{24617B54-DD66-3C4F-8C3B-A291C0566B74}.Release|x64.ActiveCfg = Release|x64
		{24617B54-DD66-3C4F-8C3B-A291C0566B74}.Release|x64.Build.0 = Release|x64
		{24617B54-DD66-3C4F-8C3B-A291C0566B74}.MinSizeRel|x64.ActiveCfg = MinSizeRel|x64
		{24617B54-DD66-3C4F-8C3B-A291C0566B74}.MinSizeRel|x64.Build.0 = MinSizeRel|x64
		{24617B54-DD66-3C4F-8C3B-A291C0566B74}.RelWithDebInfo|x64.ActiveCfg = RelWithDebInfo|x64
		{24617B54-DD66-3C4F-8C3B-A291C0566B74}.RelWithDebInfo|x64.Build.0 = RelWithDebInfo|x64
		{F9E85C56-0C08-3599-B9CB-FC109BB66A60}.Debug|x64.ActiveCfg = Debug|x64
		{F9E85C56-0C08-3599-B9CB-FC109BB66A60}.Debug|x64.Build.0 = Debug|x64
		{F9E85C56-0C08-3599-B9CB-FC109BB66A60}.Release|x64.ActiveCfg = Release|x64
		{F9E85C56-0C08-3599-B9CB-FC109BB66A60}.Release|x64.Build.0 = Release|x64
		{F9E85C56-0C08-3599-B9CB-FC109BB66A60}.MinSizeRel|x64.ActiveCfg = MinSizeRel|x64
		{F9E85C56-0C08-3599-B9CB-FC109BB66A60}.MinSizeRel|x64.Build.0 = MinSizeRel|x64
		{F9E85C56-0C08-3599-B9CB-FC109BB66A60}.RelWithDebInfo|x64.ActiveCfg = RelWithDebInfo|x64
		{F9E85C56-0C08-3599-B9CB-FC109BB66A60}.RelWithDebInfo|x64.Build.0 = RelWithDebInfo|x64
		{238798D7-73C2-3796-9667-C0503AA6FDBF}.Debug|x64.ActiveCfg = Debug|x64
		{238798D7-73C2-3796-9667-C0503AA6FDBF}.Debug|x64.Build.0 = Debug|x64
		{238798D7-73C2-3796-9667-C0503AA6FDBF}.Release|x64.ActiveCfg = Release|x64
		{238798D7-73C2-3796-9667-C0503AA6FDBF}.Release|x64.Build.0 = Release|x64
		{238798D7-73C2-3796-9667-C0503AA6FDBF}.MinSizeRel|x64.ActiveCfg = MinSizeRel|x64
		{238798D7-73C2-3796-9667-C0503AA6FDBF}.MinSizeRel|x64.Build.0 = MinSizeRel|x64
		{238798D7-73C2-3796-9667-C0503AA6FDBF}.RelWithDebInfo|x64.ActiveCfg = RelWithDebInfo|x64
		{238798D7-73C2-3796-9667-C0503AA6FDBF}.RelWithDebInfo|x64.Build.0 = RelWithDebInfo|x64
		{B29BA52F-1928-348C-B456-C780C8B78942}.Debug|x64.ActiveCfg = Debug|x64
		{B29BA52F-1928-348C-B456-C780C8B78942}.Debug|x64.Build.0 = Debug|x64
		{B29BA52F-1928-348C-B456-C780C8B78942}.Release|x64.ActiveCfg = Release|x64
		{B29BA52F-1928-348C-B456-C780C8B78942}.Release|x64.Build.0 = Release|x64
		{B29BA52F-1928-348C-B456-C780C8B78942}.MinSizeRel|x64.ActiveCfg = MinSizeRel|x64
		{B29BA52F-1928-348C-B456-C780C8B78942}.MinSizeRel|x64.Build.0 = MinSizeRel|x64
		{B29BA52F-1928-348C-B456-C780C8B78942}.RelWithDebInfo|x64.ActiveCfg = RelWithDebInfo|x64
		{B29BA52F-1928-348C-B456-C780C8B78942}.RelWithDebInfo|x64.Build.0 = RelWithDebInfo|x64
		{8E0EB37D-4BEB-3BC8-ACCC-8D9663DB853B}.Debug|x64.ActiveCfg = Debug|x64
		{8E0EB37D-4BEB-3BC8-ACCC-8D9663DB853B}.Debug|x64.Build.0 = Debug|x64
		{8E0EB37D-4BEB-3BC8-ACCC-8D9663DB853B}.Release|x64.ActiveCfg = Release|x64
		{8E0EB37D-4BEB-3BC8-ACCC-8D9663DB853B}.Release|x64.Build.0 = Release|x64
		{8E0EB37D-4BEB-3BC8-ACCC-8D9663DB853B}.MinSizeRel|x64.ActiveCfg = MinSizeRel|x64
		{8E0EB37D-4BEB-3BC8-ACCC-8D9663DB853B}.MinSizeRel|x64.Build.0 = MinSizeRel|x64
		{8E0EB37D-4BEB-3BC8-ACCC-8D9663DB853B}.RelWithDebInfo|x64.ActiveCfg = RelWithDebInfo|x64
		{8E0EB37D-4BEB-3BC8-ACCC-8D9663DB853B}.RelWithDebInfo|x64.Build.0 = RelWithDebInfo|x64
		{69AEC03B-3632-37B3-A611-302D4C36CA59}.Debug|x64.ActiveCfg = Debug|x64
		{69AEC03B-3632-37B3-A611-302D4C36CA59}.Debug|x64.Build.0 = Debug|x64
		{69AEC03B-3632-37B3-A611-302D4C36CA59}.Release|x64.ActiveCfg = Release|x64
		{69AEC03B-3632-37B3-A611-302D4C36CA59}.Release|x64.Build.0 = Release|x64
		{69AEC03B-3632-37B3-A611-302D4C36CA59}.MinSizeRel|x64.ActiveCfg = MinSizeRel|x64
		{69AEC03B-3632-37B3-A611-302D4C36CA59}.MinSizeRel|x64.Build.0 = MinSizeRel|x64
		{69AEC03B-3632-37B3-A611-302D4C36CA59}.RelWithDebInfo|x64.ActiveCfg = RelWithDebInfo|x64
		{69AEC03B-3632-37B3-A611-302D4C36CA59}.RelWithDebInfo|x64.Build.0 = RelWithDebInfo|x64
		{9A21D64D-D334-3193-A323-3B185EE783CC}.Debug|x64.ActiveCfg = Debug|x64
		{9A21D64D-D334-3193-A323-3B185EE783CC}.Debug|x64.Build.0 = Debug|x64
		{9A21D64D-D334-3193-A323-3B185EE783CC}.Release|x64.ActiveCfg = Release|x64
		{9A21D64D-D334-3193-A323-3B185EE783CC}.Release|x64.Build.0 = Release|x64
		{9A21D64D-D334-3193-A323-3B185EE783CC}.MinSizeRel|x64.ActiveCfg = MinSizeRel|x64
		{9A21D64D-D334-3193-A323-3B185EE783CC}.MinSizeRel|x64.Build.0 = MinSizeRel|x64
		{9A21D64D-D334-3193-A323-3B185EE783CC}.RelWithDebInfo|x64.ActiveCfg = RelWithDebInfo|x64
		{9A21D64D-D334-3193-A323-3B185EE783CC}.RelWithDebInfo|x64.Build.0 = RelWithDebInfo|x64
		{5641006F-739A-3327-9EF5-1BD79F14EA11}.Debug|x64.ActiveCfg = Debug|x64
		{5641006F-739A-3327-9EF5-1BD79F14EA11}.Debug|x64.Build.0 = Debug|x64
		{5641006F-739A-3327-9EF5-1BD79F14EA11}.Release|x64.ActiveCfg = Release|x64
		{5641006F-739A-3327-9EF5-1BD79F14EA11}.Release|x64.Build.0 = Release|x64
		{5641006F-739A-3327-9EF5-1BD79F14EA11}.MinSizeRel|x64.ActiveCfg = MinSizeRel|x64
		{5641006F-739A-3327-9EF5-1BD79F14EA11}.MinSizeRel|x64.Build.0 = MinSizeRel|x64
		{5641006F-739A-3327-9EF5-1BD79F14EA11}.RelWithDebInfo|x64.ActiveCfg = RelWithDebInfo|x64
		{5641006F-739A-3327-9EF5-1BD79F14EA11}.RelWithDebInfo|x64.Build.0 = RelWithDebInfo|x64
		{6A218F90-20FE-3DFF-8917-E2D123080B67}.Debug|x64.ActiveCfg = Debug|x64
		{6A218F90-20FE-3DFF-8917-E2D123080B67}.Debug|x64.Build.0 = Debug|x64
		{6A218F90-20FE-3DFF-8917-E2D123080B67}.Release|x64.ActiveCfg = Release|x64
		{6A218F90-20FE-3DFF-8917-E2D123080B67}.Release|x64.Build.0 = Release|x64
		{6A218F90-20FE-3DFF-8917-E2D123080B67}.MinSizeRel|x64.ActiveCfg = MinSizeRel|x64
		{6A218F90-20FE-3DFF-8917-E2D123080B67}.MinSizeRel|x64.Build.0 = MinSizeRel|x64
		{6A218F90-20FE-3DFF-8917-E2D123080B67}.RelWithDebInfo|x64.ActiveCfg = RelWithDebInfo|x64
		{6A218F90-20FE-3DFF-8917-E2D123080B67}.RelWithDebInfo|x64.Build.0 = RelWithDebInfo|x64
		{BBFE27F4-8447-34E5-A5F1-939B4F07EA27}.Debug|x64.ActiveCfg = Debug|x64
		{BBFE27F4-8447-34E5-A5F1-939B4F07EA27}.Release|x64.ActiveCfg = Release|x64
		{BBFE27F4-8447-34E5-A5F1-939B4F07EA27}.MinSizeRel|x64.ActiveCfg = MinSizeRel|x64
		{BBFE27F4-8447-34E5-A5F1-939B4F07EA27}.RelWithDebInfo|x64.ActiveCfg = RelWithDebInfo|x64
		{5E08D5F0-7A80-3B08-B5F9-973A6F7719E5}.Debug|x64.ActiveCfg = Debug|x64
		{5E08D5F0-7A80-3B08-B5F9-973A6F7719E5}.Release|x64.ActiveCfg = Release|x64
		{5E08D5F0-7A80-3B08-B5F9-973A6F7719E5}.MinSizeRel|x64.ActiveCfg = MinSizeRel|x64
		{5E08D5F0-7A80-3B08-B5F9-973A6F7719E5}.RelWithDebInfo|x64.ActiveCfg = RelWithDebInfo|x64
		{BF82E913-1B4F-31E7-8569-1A90FAF916DF}.Debug|x64.ActiveCfg = Debug|x64
		{BF82E913-1B4F-31E7-8569-1A90FAF916DF}.Debug|x64.Build.0 = Debug|x64
		{BF82E913-1B4F-31E7-8569-1A90FAF916DF}.Release|x64.ActiveCfg = Release|x64
		{BF82E913-1B4F-31E7-8569-1A90FAF916DF}.Release|x64.Build.0 = Release|x64
		{BF82E913-1B4F-31E7-8569-1A90FAF916DF}.MinSizeRel|x64.ActiveCfg = MinSizeRel|x64
		{BF82E913-1B4F-31E7-8569-1A90FAF916DF}.MinSizeRel|x64.Build.0 = MinSizeRel|x64
		{BF82E913-1B4F-31E7-8569-1A90FAF916DF}.RelWithDebInfo|x64.ActiveCfg = RelWithDebInfo|x64
		{BF82E913-1B4F-31E7-8569-1A90FAF916DF}.RelWithDebInfo|x64.Build.0 = RelWithDebInfo|x64
		{5DC49DFF-F1C9-3DFA-A38D-BEABA3228772}.Debug|x64.ActiveCfg = Debug|x64
		{5DC49DFF-F1C9-3DFA-A38D-BEABA3228772}.Debug|x64.Build.0 = Debug|x64
		{5DC49DFF-F1C9-3DFA-A38D-BEABA3228772}.Release|x64.ActiveCfg = Release|x64
		{5DC49DFF-F1C9-3DFA-A38D-BEABA3228772}.Release|x64.Build.0 = Release|x64
		{5DC49DFF-F1C9-3DFA-A38D-BEABA3228772}.MinSizeRel|x64.ActiveCfg = MinSizeRel|x64
		{5DC49DFF-F1C9-3DFA-A38D-BEABA3228772}.MinSizeRel|x64.Build.0 = MinSizeRel|x64
		{5DC49DFF-F1C9-3DFA-A38D-BEABA3228772}.RelWithDebInfo|x64.ActiveCfg = RelWithDebInfo|x64
		{5DC49DFF-F1C9-3DFA-A38D-BEABA3228772}.RelWithDebInfo|x64.Build.0 = RelWithDebInfo|x64
	EndGlobalSection
	GlobalSection(NestedProjects) = preSolution
		{8CDA21ED-1906-3F60-B2C1-374F64DEDED0} = {CFC104D5-CCD0-360A-8B49-98BD240E49A6}
		{C3E8DC44-EDBF-36C3-92CC-10F6C7C6D2DB} = {CFC104D5-CCD0-360A-8B49-98BD240E49A6}
		{2014A097-D300-3836-9125-E7C85638DAAE} = {CFC104D5-CCD0-360A-8B49-98BD240E49A6}
		{A6AA2CB3-DC91-3770-9483-B71E16202B04} = {49BA6F25-2354-38EF-BEF8-A5369CC64A34}
		{38E91180-6F18-34B1-AC1D-70751EEE649A} = {49BA6F25-2354-38EF-BEF8-A5369CC64A34}
		{C949A48A-722A-3D22-8D51-8B26C271258E} = {49BA6F25-2354-38EF-BEF8-A5369CC64A34}
		{BBFE27F4-8447-34E5-A5F1-939B4F07EA27} = {49BA6F25-2354-38EF-BEF8-A5369CC64A34}
		{5E08D5F0-7A80-3B08-B5F9-973A6F7719E5} = {49BA6F25-2354-38EF-BEF8-A5369CC64A34}
		{DBCB3DB1-3083-3681-97D6-58C90A7511E2} = {A6AA2CB3-DC91-3770-9483-B71E16202B04}
		{B8B1B599-FBF9-3F06-B33C-193228C94BF2} = {A6AA2CB3-DC91-3770-9483-B71E16202B04}
		{A6F4AE29-B8B9-3C36-8A51-1DB43C6A7E8D} = {A6AA2CB3-DC91-3770-9483-B71E16202B04}
		{8B0521A9-8985-34DE-B29D-C9A582BA8952} = {A6AA2CB3-DC91-3770-9483-B71E16202B04}
		{59715109-34F4-3179-831A-630AAAF22B64} = {A6AA2CB3-DC91-3770-9483-B71E16202B04}
		{F9E85C56-0C08-3599-B9CB-FC109BB66A60} = {A6AA2CB3-DC91-3770-9483-B71E16202B04}
		{238798D7-73C2-3796-9667-C0503AA6FDBF} = {A6AA2CB3-DC91-3770-9483-B71E16202B04}
		{B29BA52F-1928-348C-B456-C780C8B78942} = {A6AA2CB3-DC91-3770-9483-B71E16202B04}
		{BF82E913-1B4F-31E7-8569-1A90FAF916DF} = {A6AA2CB3-DC91-3770-9483-B71E16202B04}
		{ADE39D9F-D340-3FC9-B628-DA698B0D2742} = {38E91180-6F18-34B1-AC1D-70751EEE649A}
		{78497C6D-48C5-34A0-9B1D-6B2452AE580E} = {38E91180-6F18-34B1-AC1D-70751EEE649A}
		{8DE7C11D-8AAC-3809-B5EF-C8D9FBF6C7F9} = {38E91180-6F18-34B1-AC1D-70751EEE649A}
		{97A2276C-B54E-3B98-8E1C-E62D5C44D813} = {38E91180-6F18-34B1-AC1D-70751EEE649A}
		{77F33A8F-97C2-31FF-BBA5-B613C3FD0287} = {38E91180-6F18-34B1-AC1D-70751EEE649A}
		{59C932F8-7D8C-3350-AD1A-E01556FE83A5} = {38E91180-6F18-34B1-AC1D-70751EEE649A}
		{F49E6C47-8CA6-3BE6-929D-B1A969E101DC} = {38E91180-6F18-34B1-AC1D-70751EEE649A}
		{F830EE1B-FAAD-3523-A617-EEA74B5B9C86} = {38E91180-6F18-34B1-AC1D-70751EEE649A}
		{9A5C020A-0C43-3661-8BC1-B4FAA2FA205A} = {38E91180-6F18-34B1-AC1D-70751EEE649A}
		{E07AABB1-A820-3F5F-BB4B-E9F38503018A} = {38E91180-6F18-34B1-AC1D-70751EEE649A}
		{8877BB3A-E6F0-3C57-B87C-5FDA994DDFCA} = {38E91180-6F18-34B1-AC1D-70751EEE649A}
		{386F6105-1364-3379-B7B0-56D32F1F9199} = {38E91180-6F18-34B1-AC1D-70751EEE649A}
		{7E3C3EE7-86BB-3CD2-997D-14EA9B6FEA35} = {38E91180-6F18-34B1-AC1D-70751EEE649A}
		{24617B54-DD66-3C4F-8C3B-A291C0566B74} = {38E91180-6F18-34B1-AC1D-70751EEE649A}
		{8E0EB37D-4BEB-3BC8-ACCC-8D9663DB853B} = {38E91180-6F18-34B1-AC1D-70751EEE649A}
		{69AEC03B-3632-37B3-A611-302D4C36CA59} = {38E91180-6F18-34B1-AC1D-70751EEE649A}
		{9A21D64D-D334-3193-A323-3B185EE783CC} = {38E91180-6F18-34B1-AC1D-70751EEE649A}
		{5641006F-739A-3327-9EF5-1BD79F14EA11} = {38E91180-6F18-34B1-AC1D-70751EEE649A}
		{6A218F90-20FE-3DFF-8917-E2D123080B67} = {38E91180-6F18-34B1-AC1D-70751EEE649A}
		{5DC49DFF-F1C9-3DFA-A38D-BEABA3228772} = {38E91180-6F18-34B1-AC1D-70751EEE649A}
	EndGlobalSection
	GlobalSection(ExtensibilityGlobals) = postSolution
		SolutionGuid = {3B490727-3EAB-3156-B5C1-DE84716E739B}
	EndGlobalSection
	GlobalSection(ExtensibilityAddIns) = postSolution
	EndGlobalSection
EndGlobal
