// !$*UTF8*$!
{
	archiveVersion = 1;
	classes = {
	};
	objectVersion = 50;
	objects = {

/* Begin PBXBuildFile section */
		3409469D270C2BEA00E161F0 /* shader.cpp in Sources */ = {isa = PBXBuildFile; fileRef = 3409469B270C2BEA00E161F0 /* shader.cpp */; };
		34D01695270AB3EC00CE409F /* main.cpp in Sources */ = {isa = PBXBuildFile; fileRef = 34D01694270AB3EC00CE409F /* main.cpp */; };
		34D0169D270AB46A00CE409F /* OpenGL.framework in Frameworks */ = {isa = PBXBuildFile; fileRef = 34D0169C270AB46A00CE409F /* OpenGL.framework */; };
		34D0169F270AB68100CE409F /* libglfw.3.dylib in Frameworks */ = {isa = PBXBuildFile; fileRef = 34D0169E270AB68100CE409F /* libglfw.3.dylib */; };
		34D016A1270AB71B00CE409F /* glad.c in Sources */ = {isa = PBXBuildFile; fileRef = 34D016A0270AB71B00CE409F /* glad.c */; };
/* End PBXBuildFile section */

/* Begin PBXCopyFilesBuildPhase section */
		34D0168F270AB3EC00CE409F /* CopyFiles */ = {
			isa = PBXCopyFilesBuildPhase;
			buildActionMask = 2147483647;
			dstPath = /usr/share/man/man1/;
			dstSubfolderSpec = 0;
			files = (
			);
			runOnlyForDeploymentPostprocessing = 1;
		};
/* End PBXCopyFilesBuildPhase section */

/* Begin PBXFileReference section */
		3409469B270C2BEA00E161F0 /* shader.cpp */ = {isa = PBXFileReference; lastKnownFileType = sourcecode.cpp.cpp; path = shader.cpp; sourceTree = "<group>"; };
		3409469C270C2BEA00E161F0 /* shader.hpp */ = {isa = PBXFileReference; lastKnownFileType = sourcecode.cpp.h; path = shader.hpp; sourceTree = "<group>"; };
		3409469F270C35FF00E161F0 /* Simple.vert */ = {isa = PBXFileReference; lastKnownFileType = sourcecode.glsl; path = Simple.vert; sourceTree = "<group>"; };
		340946A0270C362200E161F0 /* Simple.frag */ = {isa = PBXFileReference; lastKnownFileType = sourcecode.glsl; path = Simple.frag; sourceTree = "<group>"; };
		34D01691270AB3EC00CE409F /* VEngine_Source */ = {isa = PBXFileReference; explicitFileType = "compiled.mach-o.executable"; includeInIndex = 0; path = VEngine_Source; sourceTree = BUILT_PRODUCTS_DIR; };
		34D01694270AB3EC00CE409F /* main.cpp */ = {isa = PBXFileReference; lastKnownFileType = sourcecode.cpp.cpp; path = main.cpp; sourceTree = "<group>"; };
		34D0169C270AB46A00CE409F /* OpenGL.framework */ = {isa = PBXFileReference; lastKnownFileType = wrapper.framework; name = OpenGL.framework; path = System/Library/Frameworks/OpenGL.framework; sourceTree = SDKROOT; };
		34D0169E270AB68100CE409F /* libglfw.3.dylib */ = {isa = PBXFileReference; lastKnownFileType = "compiled.mach-o.dylib"; name = libglfw.3.dylib; path = "VEngine_Source/dependencies/macos/glfw_3_3_4/lib-x86_64/libglfw.3.dylib"; sourceTree = "<group>"; };
		34D016A0270AB71B00CE409F /* glad.c */ = {isa = PBXFileReference; fileEncoding = 4; lastKnownFileType = sourcecode.c.c; name = glad.c; path = dependencies/macos/glad/src/glad.c; sourceTree = "<group>"; };
/* End PBXFileReference section */

/* Begin PBXFrameworksBuildPhase section */
		34D0168E270AB3EC00CE409F /* Frameworks */ = {
			isa = PBXFrameworksBuildPhase;
			buildActionMask = 2147483647;
			files = (
				34D0169F270AB68100CE409F /* libglfw.3.dylib in Frameworks */,
				34D0169D270AB46A00CE409F /* OpenGL.framework in Frameworks */,
			);
			runOnlyForDeploymentPostprocessing = 0;
		};
/* End PBXFrameworksBuildPhase section */

/* Begin PBXGroup section */
		3409469A270C2BCA00E161F0 /* Utils */ = {
			isa = PBXGroup;
			children = (
				3409469B270C2BEA00E161F0 /* shader.cpp */,
				3409469C270C2BEA00E161F0 /* shader.hpp */,
			);
			path = Utils;
			sourceTree = "<group>";
		};
		3409469E270C35B400E161F0 /* Shaders */ = {
			isa = PBXGroup;
			children = (
				3409469F270C35FF00E161F0 /* Simple.vert */,
				340946A0270C362200E161F0 /* Simple.frag */,
			);
			path = Shaders;
			sourceTree = "<group>";
		};
		34D01688270AB3EC00CE409F = {
			isa = PBXGroup;
			children = (
				34D01693270AB3EC00CE409F /* VEngine_Source */,
				34D01692270AB3EC00CE409F /* Products */,
				34D0169B270AB46A00CE409F /* Frameworks */,
			);
			sourceTree = "<group>";
		};
		34D01692270AB3EC00CE409F /* Products */ = {
			isa = PBXGroup;
			children = (
				34D01691270AB3EC00CE409F /* VEngine_Source */,
			);
			name = Products;
			sourceTree = "<group>";
		};
		34D01693270AB3EC00CE409F /* VEngine_Source */ = {
			isa = PBXGroup;
			children = (
				3409469E270C35B400E161F0 /* Shaders */,
				3409469A270C2BCA00E161F0 /* Utils */,
				34D01694270AB3EC00CE409F /* main.cpp */,
				34D016A0270AB71B00CE409F /* glad.c */,
			);
			path = VEngine_Source;
			sourceTree = "<group>";
		};
		34D0169B270AB46A00CE409F /* Frameworks */ = {
			isa = PBXGroup;
			children = (
				34D0169E270AB68100CE409F /* libglfw.3.dylib */,
				34D0169C270AB46A00CE409F /* OpenGL.framework */,
			);
			name = Frameworks;
			sourceTree = "<group>";
		};
/* End PBXGroup section */

/* Begin PBXNativeTarget section */
		34D01690270AB3EC00CE409F /* VEngine_Source */ = {
			isa = PBXNativeTarget;
			buildConfigurationList = 34D01698270AB3EC00CE409F /* Build configuration list for PBXNativeTarget "VEngine_Source" */;
			buildPhases = (
				34D0168D270AB3EC00CE409F /* Sources */,
				34D0168E270AB3EC00CE409F /* Frameworks */,
				34D0168F270AB3EC00CE409F /* CopyFiles */,
			);
			buildRules = (
			);
			dependencies = (
			);
			name = VEngine_Source;
			productName = VEngine_Source;
			productReference = 34D01691270AB3EC00CE409F /* VEngine_Source */;
			productType = "com.apple.product-type.tool";
		};
/* End PBXNativeTarget section */

/* Begin PBXProject section */
		34D01689270AB3EC00CE409F /* Project object */ = {
			isa = PBXProject;
			attributes = {
				LastUpgradeCheck = 1250;
				TargetAttributes = {
					34D01690270AB3EC00CE409F = {
						CreatedOnToolsVersion = 12.5;
					};
				};
			};
			buildConfigurationList = 34D0168C270AB3EC00CE409F /* Build configuration list for PBXProject "VEngine_Source" */;
			compatibilityVersion = "Xcode 9.3";
			developmentRegion = en;
			hasScannedForEncodings = 0;
			knownRegions = (
				en,
				Base,
			);
			mainGroup = 34D01688270AB3EC00CE409F;
			productRefGroup = 34D01692270AB3EC00CE409F /* Products */;
			projectDirPath = "";
			projectRoot = "";
			targets = (
				34D01690270AB3EC00CE409F /* VEngine_Source */,
			);
		};
/* End PBXProject section */

/* Begin PBXSourcesBuildPhase section */
		34D0168D270AB3EC00CE409F /* Sources */ = {
			isa = PBXSourcesBuildPhase;
			buildActionMask = 2147483647;
			files = (
				3409469D270C2BEA00E161F0 /* shader.cpp in Sources */,
				34D01695270AB3EC00CE409F /* main.cpp in Sources */,
				34D016A1270AB71B00CE409F /* glad.c in Sources */,
			);
			runOnlyForDeploymentPostprocessing = 0;
		};
/* End PBXSourcesBuildPhase section */

/* Begin XCBuildConfiguration section */
		34D01696270AB3EC00CE409F /* Debug */ = {
			isa = XCBuildConfiguration;
			buildSettings = {
				ALWAYS_SEARCH_USER_PATHS = NO;
				CLANG_ANALYZER_NONNULL = YES;
				CLANG_ANALYZER_NUMBER_OBJECT_CONVERSION = YES_AGGRESSIVE;
				CLANG_CXX_LANGUAGE_STANDARD = "gnu++14";
				CLANG_CXX_LIBRARY = "libc++";
				CLANG_ENABLE_MODULES = YES;
				CLANG_ENABLE_OBJC_ARC = YES;
				CLANG_ENABLE_OBJC_WEAK = YES;
				CLANG_WARN_BLOCK_CAPTURE_AUTORELEASING = YES;
				CLANG_WARN_BOOL_CONVERSION = YES;
				CLANG_WARN_COMMA = YES;
				CLANG_WARN_CONSTANT_CONVERSION = YES;
				CLANG_WARN_DEPRECATED_OBJC_IMPLEMENTATIONS = YES;
				CLANG_WARN_DIRECT_OBJC_ISA_USAGE = YES_ERROR;
				CLANG_WARN_DOCUMENTATION_COMMENTS = YES;
				CLANG_WARN_EMPTY_BODY = YES;
				CLANG_WARN_ENUM_CONVERSION = YES;
				CLANG_WARN_INFINITE_RECURSION = YES;
				CLANG_WARN_INT_CONVERSION = YES;
				CLANG_WARN_NON_LITERAL_NULL_CONVERSION = YES;
				CLANG_WARN_OBJC_IMPLICIT_RETAIN_SELF = YES;
				CLANG_WARN_OBJC_LITERAL_CONVERSION = YES;
				CLANG_WARN_OBJC_ROOT_CLASS = YES_ERROR;
				CLANG_WARN_QUOTED_INCLUDE_IN_FRAMEWORK_HEADER = YES;
				CLANG_WARN_RANGE_LOOP_ANALYSIS = YES;
				CLANG_WARN_STRICT_PROTOTYPES = YES;
				CLANG_WARN_SUSPICIOUS_MOVE = YES;
				CLANG_WARN_UNGUARDED_AVAILABILITY = YES_AGGRESSIVE;
				CLANG_WARN_UNREACHABLE_CODE = YES;
				CLANG_WARN__DUPLICATE_METHOD_MATCH = YES;
				COPY_PHASE_STRIP = NO;
				DEBUG_INFORMATION_FORMAT = dwarf;
				ENABLE_STRICT_OBJC_MSGSEND = YES;
				ENABLE_TESTABILITY = YES;
				GCC_C_LANGUAGE_STANDARD = gnu11;
				GCC_DYNAMIC_NO_PIC = NO;
				GCC_NO_COMMON_BLOCKS = YES;
				GCC_OPTIMIZATION_LEVEL = 0;
				GCC_PREPROCESSOR_DEFINITIONS = (
					"DEBUG=1",
					"$(inherited)",
				);
				GCC_WARN_64_TO_32_BIT_CONVERSION = YES;
				GCC_WARN_ABOUT_RETURN_TYPE = YES_ERROR;
				GCC_WARN_UNDECLARED_SELECTOR = YES;
				GCC_WARN_UNINITIALIZED_AUTOS = YES_AGGRESSIVE;
				GCC_WARN_UNUSED_FUNCTION = YES;
				GCC_WARN_UNUSED_VARIABLE = YES;
				MACOSX_DEPLOYMENT_TARGET = 11.3;
				MTL_ENABLE_DEBUG_INFO = INCLUDE_SOURCE;
				MTL_FAST_MATH = YES;
				ONLY_ACTIVE_ARCH = YES;
				SDKROOT = macosx;
			};
			name = Debug;
		};
		34D01697270AB3EC00CE409F /* Release */ = {
			isa = XCBuildConfiguration;
			buildSettings = {
				ALWAYS_SEARCH_USER_PATHS = NO;
				CLANG_ANALYZER_NONNULL = YES;
				CLANG_ANALYZER_NUMBER_OBJECT_CONVERSION = YES_AGGRESSIVE;
				CLANG_CXX_LANGUAGE_STANDARD = "gnu++14";
				CLANG_CXX_LIBRARY = "libc++";
				CLANG_ENABLE_MODULES = YES;
				CLANG_ENABLE_OBJC_ARC = YES;
				CLANG_ENABLE_OBJC_WEAK = YES;
				CLANG_WARN_BLOCK_CAPTURE_AUTORELEASING = YES;
				CLANG_WARN_BOOL_CONVERSION = YES;
				CLANG_WARN_COMMA = YES;
				CLANG_WARN_CONSTANT_CONVERSION = YES;
				CLANG_WARN_DEPRECATED_OBJC_IMPLEMENTATIONS = YES;
				CLANG_WARN_DIRECT_OBJC_ISA_USAGE = YES_ERROR;
				CLANG_WARN_DOCUMENTATION_COMMENTS = YES;
				CLANG_WARN_EMPTY_BODY = YES;
				CLANG_WARN_ENUM_CONVERSION = YES;
				CLANG_WARN_INFINITE_RECURSION = YES;
				CLANG_WARN_INT_CONVERSION = YES;
				CLANG_WARN_NON_LITERAL_NULL_CONVERSION = YES;
				CLANG_WARN_OBJC_IMPLICIT_RETAIN_SELF = YES;
				CLANG_WARN_OBJC_LITERAL_CONVERSION = YES;
				CLANG_WARN_OBJC_ROOT_CLASS = YES_ERROR;
				CLANG_WARN_QUOTED_INCLUDE_IN_FRAMEWORK_HEADER = YES;
				CLANG_WARN_RANGE_LOOP_ANALYSIS = YES;
				CLANG_WARN_STRICT_PROTOTYPES = YES;
				CLANG_WARN_SUSPICIOUS_MOVE = YES;
				CLANG_WARN_UNGUARDED_AVAILABILITY = YES_AGGRESSIVE;
				CLANG_WARN_UNREACHABLE_CODE = YES;
				CLANG_WARN__DUPLICATE_METHOD_MATCH = YES;
				COPY_PHASE_STRIP = NO;
				DEBUG_INFORMATION_FORMAT = "dwarf-with-dsym";
				ENABLE_NS_ASSERTIONS = NO;
				ENABLE_STRICT_OBJC_MSGSEND = YES;
				GCC_C_LANGUAGE_STANDARD = gnu11;
				GCC_NO_COMMON_BLOCKS = YES;
				GCC_WARN_64_TO_32_BIT_CONVERSION = YES;
				GCC_WARN_ABOUT_RETURN_TYPE = YES_ERROR;
				GCC_WARN_UNDECLARED_SELECTOR = YES;
				GCC_WARN_UNINITIALIZED_AUTOS = YES_AGGRESSIVE;
				GCC_WARN_UNUSED_FUNCTION = YES;
				GCC_WARN_UNUSED_VARIABLE = YES;
				MACOSX_DEPLOYMENT_TARGET = 11.3;
				MTL_ENABLE_DEBUG_INFO = NO;
				MTL_FAST_MATH = YES;
				SDKROOT = macosx;
			};
			name = Release;
		};
		34D01699270AB3EC00CE409F /* Debug */ = {
			isa = XCBuildConfiguration;
			buildSettings = {
				CODE_SIGN_STYLE = Automatic;
				HEADER_SEARCH_PATHS = (
					"/Users/Srikanth_Siddhu/VEngine_2.0/VEngineSource/VEngine_Source/VEngine_Source/dependencies/macos/glad/**",
					"/Users/Srikanth_Siddhu/VEngine_2.0/VEngineSource/VEngine_Source/VEngine_Source/dependencies/macos/glad/**",
					"/Users/Srikanth_Siddhu/VEngine_2.0/VEngineSource/VEngine_Source/VEngine_Source/dependencies/macos/glfw_3_3_4/**",
				);
				LIBRARY_SEARCH_PATHS = (
					/Users/Srikanth_Siddhu/VEngine_2.0/VEngineSource/VEngine_Source/VEngine_Source/dependencies/macos/glfw_3_3_4,
					"$(PROJECT_DIR)/VEngine_Source/dependencies/macos/glfw_3_3_4/lib-x86_64",
				);
				PRODUCT_NAME = "$(TARGET_NAME)";
				USER_HEADER_SEARCH_PATHS = (
					"/Users/Srikanth_Siddhu/VEngine_2.0/VEngineSource/VEngine_Source/VEngine_Source/dependencies/macos/glfw_3_3_4/include/**",
					"/Users/Srikanth_Siddhu/VEngine_2.0/VEngineSource/VEngine_Source/VEngine_Source/dependencies/macos/glad/**",
				);
			};
			name = Debug;
		};
		34D0169A270AB3EC00CE409F /* Release */ = {
			isa = XCBuildConfiguration;
			buildSettings = {
				CODE_SIGN_STYLE = Automatic;
				HEADER_SEARCH_PATHS = (
					"/Users/Srikanth_Siddhu/VEngine_2.0/VEngineSource/VEngine_Source/VEngine_Source/dependencies/macos/glad/**",
					"/Users/Srikanth_Siddhu/VEngine_2.0/VEngineSource/VEngine_Source/VEngine_Source/dependencies/macos/glad/**",
					"/Users/Srikanth_Siddhu/VEngine_2.0/VEngineSource/VEngine_Source/VEngine_Source/dependencies/macos/glfw_3_3_4/**",
				);
				LIBRARY_SEARCH_PATHS = (
					/Users/Srikanth_Siddhu/VEngine_2.0/VEngineSource/VEngine_Source/VEngine_Source/dependencies/macos/glfw_3_3_4,
					"$(PROJECT_DIR)/VEngine_Source/dependencies/macos/glfw_3_3_4/lib-x86_64",
				);
				PRODUCT_NAME = "$(TARGET_NAME)";
				USER_HEADER_SEARCH_PATHS = (
					"/Users/Srikanth_Siddhu/VEngine_2.0/VEngineSource/VEngine_Source/VEngine_Source/dependencies/macos/glfw_3_3_4/include/**",
					"/Users/Srikanth_Siddhu/VEngine_2.0/VEngineSource/VEngine_Source/VEngine_Source/dependencies/macos/glad/**",
				);
			};
			name = Release;
		};
/* End XCBuildConfiguration section */

/* Begin XCConfigurationList section */
		34D0168C270AB3EC00CE409F /* Build configuration list for PBXProject "VEngine_Source" */ = {
			isa = XCConfigurationList;
			buildConfigurations = (
				34D01696270AB3EC00CE409F /* Debug */,
				34D01697270AB3EC00CE409F /* Release */,
			);
			defaultConfigurationIsVisible = 0;
			defaultConfigurationName = Release;
		};
		34D01698270AB3EC00CE409F /* Build configuration list for PBXNativeTarget "VEngine_Source" */ = {
			isa = XCConfigurationList;
			buildConfigurations = (
				34D01699270AB3EC00CE409F /* Debug */,
				34D0169A270AB3EC00CE409F /* Release */,
			);
			defaultConfigurationIsVisible = 0;
			defaultConfigurationName = Release;
		};
/* End XCConfigurationList section */
	};
	rootObject = 34D01689270AB3EC00CE409F /* Project object */;
}
